// !$*UTF8*$!
{
	archiveVersion = 1;
	classes = {
	};
	objectVersion = 46;
	objects = {

/* Begin PBXBuildFile section */
		702D8BC21F3415A0003C46A6 /* AppDelegate.swift in Sources */ = {isa = PBXBuildFile; fileRef = 702D8BC11F3415A0003C46A6 /* AppDelegate.swift */; };
		702D8BC41F3415A0003C46A6 /* ViewController.swift in Sources */ = {isa = PBXBuildFile; fileRef = 702D8BC31F3415A0003C46A6 /* ViewController.swift */; };
		702D8BC71F3415A0003C46A6 /* Main.storyboard in Resources */ = {isa = PBXBuildFile; fileRef = 702D8BC51F3415A0003C46A6 /* Main.storyboard */; };
		702D8BC91F3415A0003C46A6 /* Assets.xcassets in Resources */ = {isa = PBXBuildFile; fileRef = 702D8BC81F3415A0003C46A6 /* Assets.xcassets */; };
		702D8BCC1F3415A0003C46A6 /* LaunchScreen.storyboard in Resources */ = {isa = PBXBuildFile; fileRef = 702D8BCA1F3415A0003C46A6 /* LaunchScreen.storyboard */; };
		702D8BE11F3415C3003C46A6 /* NetworkBody.swift in Sources */ = {isa = PBXBuildFile; fileRef = 702D8BD81F3415C3003C46A6 /* NetworkBody.swift */; };
		702D8BE21F3415C3003C46A6 /* NetworkHeader.swift in Sources */ = {isa = PBXBuildFile; fileRef = 702D8BD91F3415C3003C46A6 /* NetworkHeader.swift */; };
		702D8BE31F3415C3003C46A6 /* NetworkRequest.swift in Sources */ = {isa = PBXBuildFile; fileRef = 702D8BDA1F3415C3003C46A6 /* NetworkRequest.swift */; };
		702D8BE41F3415C3003C46A6 /* NetworkResponse.swift in Sources */ = {isa = PBXBuildFile; fileRef = 702D8BDB1F3415C3003C46A6 /* NetworkResponse.swift */; };
		702D8BE51F3415C3003C46A6 /* NSObject+YYModel.m in Sources */ = {isa = PBXBuildFile; fileRef = 702D8BDE1F3415C3003C46A6 /* NSObject+YYModel.m */; };
		702D8BE61F3415C3003C46A6 /* YYClassInfo.m in Sources */ = {isa = PBXBuildFile; fileRef = 702D8BE01F3415C3003C46A6 /* YYClassInfo.m */; };
		702D8BF01F34253B003C46A6 /* NetworkConfig.swift in Sources */ = {isa = PBXBuildFile; fileRef = 702D8BEF1F34253B003C46A6 /* NetworkConfig.swift */; };
		ACB253F4E57EE3176DF087AC /* Pods_NetworkManager.framework in Frameworks */ = {isa = PBXBuildFile; fileRef = 5B46611461289937456A903D /* Pods_NetworkManager.framework */; };
/* End PBXBuildFile section */

/* Begin PBXFileReference section */
		24E710404D9FC83D289990AD /* Pods-NetworkManager.release.xcconfig */ = {isa = PBXFileReference; includeInIndex = 1; lastKnownFileType = text.xcconfig; name = "Pods-NetworkManager.release.xcconfig"; path = "Pods/Target Support Files/Pods-NetworkManager/Pods-NetworkManager.release.xcconfig"; sourceTree = "<group>"; };
		5B46611461289937456A903D /* Pods_NetworkManager.framework */ = {isa = PBXFileReference; explicitFileType = wrapper.framework; includeInIndex = 0; path = Pods_NetworkManager.framework; sourceTree = BUILT_PRODUCTS_DIR; };
		702D8BBE1F3415A0003C46A6 /* NetworkManager.app */ = {isa = PBXFileReference; explicitFileType = wrapper.application; includeInIndex = 0; path = NetworkManager.app; sourceTree = BUILT_PRODUCTS_DIR; };
		702D8BC11F3415A0003C46A6 /* AppDelegate.swift */ = {isa = PBXFileReference; lastKnownFileType = sourcecode.swift; path = AppDelegate.swift; sourceTree = "<group>"; };
		702D8BC31F3415A0003C46A6 /* ViewController.swift */ = {isa = PBXFileReference; lastKnownFileType = sourcecode.swift; path = ViewController.swift; sourceTree = "<group>"; };
		702D8BC61F3415A0003C46A6 /* Base */ = {isa = PBXFileReference; lastKnownFileType = file.storyboard; name = Base; path = Base.lproj/Main.storyboard; sourceTree = "<group>"; };
		702D8BC81F3415A0003C46A6 /* Assets.xcassets */ = {isa = PBXFileReference; lastKnownFileType = folder.assetcatalog; path = Assets.xcassets; sourceTree = "<group>"; };
		702D8BCB1F3415A0003C46A6 /* Base */ = {isa = PBXFileReference; lastKnownFileType = file.storyboard; name = Base; path = Base.lproj/LaunchScreen.storyboard; sourceTree = "<group>"; };
		702D8BCD1F3415A0003C46A6 /* Info.plist */ = {isa = PBXFileReference; lastKnownFileType = text.plist.xml; path = Info.plist; sourceTree = "<group>"; };
		702D8BD31F3415B7003C46A6 /* NetworkManager-Bridging-Header.h */ = {isa = PBXFileReference; lastKnownFileType = sourcecode.c.h; path = "NetworkManager-Bridging-Header.h"; sourceTree = "<group>"; };
		702D8BD81F3415C3003C46A6 /* NetworkBody.swift */ = {isa = PBXFileReference; fileEncoding = 4; lastKnownFileType = sourcecode.swift; path = NetworkBody.swift; sourceTree = "<group>"; };
		702D8BD91F3415C3003C46A6 /* NetworkHeader.swift */ = {isa = PBXFileReference; fileEncoding = 4; lastKnownFileType = sourcecode.swift; path = NetworkHeader.swift; sourceTree = "<group>"; };
		702D8BDA1F3415C3003C46A6 /* NetworkRequest.swift */ = {isa = PBXFileReference; fileEncoding = 4; lastKnownFileType = sourcecode.swift; path = NetworkRequest.swift; sourceTree = "<group>"; };
		702D8BDB1F3415C3003C46A6 /* NetworkResponse.swift */ = {isa = PBXFileReference; fileEncoding = 4; lastKnownFileType = sourcecode.swift; path = NetworkResponse.swift; sourceTree = "<group>"; };
		702D8BDD1F3415C3003C46A6 /* NSObject+YYModel.h */ = {isa = PBXFileReference; fileEncoding = 4; lastKnownFileType = sourcecode.c.h; path = "NSObject+YYModel.h"; sourceTree = "<group>"; };
		702D8BDE1F3415C3003C46A6 /* NSObject+YYModel.m */ = {isa = PBXFileReference; fileEncoding = 4; lastKnownFileType = sourcecode.c.objc; path = "NSObject+YYModel.m"; sourceTree = "<group>"; };
		702D8BDF1F3415C3003C46A6 /* YYClassInfo.h */ = {isa = PBXFileReference; fileEncoding = 4; lastKnownFileType = sourcecode.c.h; path = YYClassInfo.h; sourceTree = "<group>"; };
		702D8BE01F3415C3003C46A6 /* YYClassInfo.m */ = {isa = PBXFileReference; fileEncoding = 4; lastKnownFileType = sourcecode.c.objc; path = YYClassInfo.m; sourceTree = "<group>"; };
		702D8BEF1F34253B003C46A6 /* NetworkConfig.swift */ = {isa = PBXFileReference; fileEncoding = 4; lastKnownFileType = sourcecode.swift; path = NetworkConfig.swift; sourceTree = "<group>"; };
		E91C48AE8D8BA074D233A704 /* Pods-NetworkManager.debug.xcconfig */ = {isa = PBXFileReference; includeInIndex = 1; lastKnownFileType = text.xcconfig; name = "Pods-NetworkManager.debug.xcconfig"; path = "Pods/Target Support Files/Pods-NetworkManager/Pods-NetworkManager.debug.xcconfig"; sourceTree = "<group>"; };
/* End PBXFileReference section */

/* Begin PBXFrameworksBuildPhase section */
		702D8BBB1F3415A0003C46A6 /* Frameworks */ = {
			isa = PBXFrameworksBuildPhase;
			buildActionMask = 2147483647;
			files = (
				ACB253F4E57EE3176DF087AC /* Pods_NetworkManager.framework in Frameworks */,
			);
			runOnlyForDeploymentPostprocessing = 0;
		};
/* End PBXFrameworksBuildPhase section */

/* Begin PBXGroup section */
		099E1A713CACB953E5BF9D78 /* Pods */ = {
			isa = PBXGroup;
			children = (
				E91C48AE8D8BA074D233A704 /* Pods-NetworkManager.debug.xcconfig */,
				24E710404D9FC83D289990AD /* Pods-NetworkManager.release.xcconfig */,
			);
			name = Pods;
			sourceTree = "<group>";
		};
		6D3315F074022EE76172920B /* Frameworks */ = {
			isa = PBXGroup;
			children = (
				5B46611461289937456A903D /* Pods_NetworkManager.framework */,
			);
			name = Frameworks;
			sourceTree = "<group>";
		};
		702D8BB51F3415A0003C46A6 = {
			isa = PBXGroup;
			children = (
				702D8BC01F3415A0003C46A6 /* NetworkManager */,
				702D8BBF1F3415A0003C46A6 /* Products */,
				099E1A713CACB953E5BF9D78 /* Pods */,
				6D3315F074022EE76172920B /* Frameworks */,
			);
			sourceTree = "<group>";
		};
		702D8BBF1F3415A0003C46A6 /* Products */ = {
			isa = PBXGroup;
			children = (
				702D8BBE1F3415A0003C46A6 /* NetworkManager.app */,
			);
			name = Products;
			sourceTree = "<group>";
		};
		702D8BC01F3415A0003C46A6 /* NetworkManager */ = {
			isa = PBXGroup;
			children = (
				702D8BD71F3415C3003C46A6 /* NetworkManager */,
				702D8BDC1F3415C3003C46A6 /* YYKit */,
				702D8BC11F3415A0003C46A6 /* AppDelegate.swift */,
				702D8BC31F3415A0003C46A6 /* ViewController.swift */,
				702D8BC51F3415A0003C46A6 /* Main.storyboard */,
				702D8BC81F3415A0003C46A6 /* Assets.xcassets */,
				702D8BCA1F3415A0003C46A6 /* LaunchScreen.storyboard */,
				702D8BCD1F3415A0003C46A6 /* Info.plist */,
				702D8BD31F3415B7003C46A6 /* NetworkManager-Bridging-Header.h */,
			);
			path = NetworkManager;
			sourceTree = "<group>";
		};
		702D8BD71F3415C3003C46A6 /* NetworkManager */ = {
			isa = PBXGroup;
			children = (
				702D8BD81F3415C3003C46A6 /* NetworkBody.swift */,
				702D8BD91F3415C3003C46A6 /* NetworkHeader.swift */,
				702D8BDA1F3415C3003C46A6 /* NetworkRequest.swift */,
				702D8BDB1F3415C3003C46A6 /* NetworkResponse.swift */,
				702D8BEF1F34253B003C46A6 /* NetworkConfig.swift */,
			);
			path = NetworkManager;
			sourceTree = "<group>";
		};
		702D8BDC1F3415C3003C46A6 /* YYKit */ = {
			isa = PBXGroup;
			children = (
				702D8BDD1F3415C3003C46A6 /* NSObject+YYModel.h */,
				702D8BDE1F3415C3003C46A6 /* NSObject+YYModel.m */,
				702D8BDF1F3415C3003C46A6 /* YYClassInfo.h */,
				702D8BE01F3415C3003C46A6 /* YYClassInfo.m */,
			);
			path = YYKit;
			sourceTree = "<group>";
		};
/* End PBXGroup section */

/* Begin PBXNativeTarget section */
		702D8BBD1F3415A0003C46A6 /* NetworkManager */ = {
			isa = PBXNativeTarget;
			buildConfigurationList = 702D8BD01F3415A0003C46A6 /* Build configuration list for PBXNativeTarget "NetworkManager" */;
			buildPhases = (
				8D33CC901B10081DFFC48467 /* [CP] Check Pods Manifest.lock */,
				702D8BBA1F3415A0003C46A6 /* Sources */,
				702D8BBB1F3415A0003C46A6 /* Frameworks */,
				702D8BBC1F3415A0003C46A6 /* Resources */,
				7B3F3BC20983AE3683CD8B9A /* [CP] Embed Pods Frameworks */,
				2CA5ABC3290F7D9056059768 /* [CP] Copy Pods Resources */,
			);
			buildRules = (
			);
			dependencies = (
			);
			name = NetworkManager;
			productName = NetworkManager;
			productReference = 702D8BBE1F3415A0003C46A6 /* NetworkManager.app */;
			productType = "com.apple.product-type.application";
		};
/* End PBXNativeTarget section */

/* Begin PBXProject section */
		702D8BB61F3415A0003C46A6 /* Project object */ = {
			isa = PBXProject;
			attributes = {
				LastSwiftUpdateCheck = 0830;
				LastUpgradeCheck = 0830;
				ORGANIZATIONNAME = XPan;
				TargetAttributes = {
					702D8BBD1F3415A0003C46A6 = {
						CreatedOnToolsVersion = 8.3.3;
						LastSwiftMigration = 0830;
						ProvisioningStyle = Automatic;
					};
				};
			};
			buildConfigurationList = 702D8BB91F3415A0003C46A6 /* Build configuration list for PBXProject "NetworkManager" */;
			compatibilityVersion = "Xcode 3.2";
			developmentRegion = English;
			hasScannedForEncodings = 0;
			knownRegions = (
				en,
				Base,
			);
			mainGroup = 702D8BB51F3415A0003C46A6;
			productRefGroup = 702D8BBF1F3415A0003C46A6 /* Products */;
			projectDirPath = "";
			projectRoot = "";
			targets = (
				702D8BBD1F3415A0003C46A6 /* NetworkManager */,
			);
		};
/* End PBXProject section */

/* Begin PBXResourcesBuildPhase section */
		702D8BBC1F3415A0003C46A6 /* Resources */ = {
			isa = PBXResourcesBuildPhase;
			buildActionMask = 2147483647;
			files = (
				702D8BCC1F3415A0003C46A6 /* LaunchScreen.storyboard in Resources */,
				702D8BC91F3415A0003C46A6 /* Assets.xcassets in Resources */,
				702D8BC71F3415A0003C46A6 /* Main.storyboard in Resources */,
			);
			runOnlyForDeploymentPostprocessing = 0;
		};
/* End PBXResourcesBuildPhase section */

/* Begin PBXShellScriptBuildPhase section */
		2CA5ABC3290F7D9056059768 /* [CP] Copy Pods Resources */ = {
			isa = PBXShellScriptBuildPhase;
			buildActionMask = 2147483647;
			files = (
			);
			inputPaths = (
			);
			name = "[CP] Copy Pods Resources";
			outputPaths = (
			);
			runOnlyForDeploymentPostprocessing = 0;
			shellPath = /bin/sh;
			shellScript = "\"${SRCROOT}/Pods/Target Support Files/Pods-NetworkManager/Pods-NetworkManager-resources.sh\"\n";
			showEnvVarsInLog = 0;
		};
		7B3F3BC20983AE3683CD8B9A /* [CP] Embed Pods Frameworks */ = {
			isa = PBXShellScriptBuildPhase;
			buildActionMask = 2147483647;
			files = (
			);
			inputPaths = (
				"${SRCROOT}/Pods/Target Support Files/Pods-NetworkManager/Pods-NetworkManager-frameworks.sh",
				"${BUILT_PRODUCTS_DIR}/Alamofire/Alamofire.framework",
				"${BUILT_PRODUCTS_DIR}/SwiftyJSON/SwiftyJSON.framework",
			);
			name = "[CP] Embed Pods Frameworks";
			outputPaths = (
				"${TARGET_BUILD_DIR}/${FRAMEWORKS_FOLDER_PATH}/Alamofire.framework",
				"${TARGET_BUILD_DIR}/${FRAMEWORKS_FOLDER_PATH}/SwiftyJSON.framework",
			);
			runOnlyForDeploymentPostprocessing = 0;
			shellPath = /bin/sh;
			shellScript = "\"${SRCROOT}/Pods/Target Support Files/Pods-NetworkManager/Pods-NetworkManager-frameworks.sh\"\n";
			showEnvVarsInLog = 0;
		};
		8D33CC901B10081DFFC48467 /* [CP] Check Pods Manifest.lock */ = {
			isa = PBXShellScriptBuildPhase;
			buildActionMask = 2147483647;
			files = (
			);
			inputPaths = (
				"${PODS_PODFILE_DIR_PATH}/Podfile.lock",
				"${PODS_ROOT}/Manifest.lock",
			);
			name = "[CP] Check Pods Manifest.lock";
			outputPaths = (
				"$(DERIVED_FILE_DIR)/Pods-NetworkManager-checkManifestLockResult.txt",
			);
			runOnlyForDeploymentPostprocessing = 0;
			shellPath = /bin/sh;
			shellScript = "diff \"${PODS_PODFILE_DIR_PATH}/Podfile.lock\" \"${PODS_ROOT}/Manifest.lock\" > /dev/null\nif [ $? != 0 ] ; then\n    # print error to STDERR\n    echo \"error: The sandbox is not in sync with the Podfile.lock. Run 'pod install' or update your CocoaPods installation.\" >&2\n    exit 1\nfi\n# This output is used by Xcode 'outputs' to avoid re-running this script phase.\necho \"SUCCESS\" > \"${SCRIPT_OUTPUT_FILE_0}\"\n";
			showEnvVarsInLog = 0;
		};
/* End PBXShellScriptBuildPhase section */

/* Begin PBXSourcesBuildPhase section */
		702D8BBA1F3415A0003C46A6 /* Sources */ = {
			isa = PBXSourcesBuildPhase;
			buildActionMask = 2147483647;
			files = (
				702D8BE11F3415C3003C46A6 /* NetworkBody.swift in Sources */,
				702D8BF01F34253B003C46A6 /* NetworkConfig.swift in Sources */,
				702D8BE21F3415C3003C46A6 /* NetworkHeader.swift in Sources */,
				702D8BE41F3415C3003C46A6 /* NetworkResponse.swift in Sources */,
				702D8BE51F3415C3003C46A6 /* NSObject+YYModel.m in Sources */,
				702D8BC41F3415A0003C46A6 /* ViewController.swift in Sources */,
				702D8BE31F3415C3003C46A6 /* NetworkRequest.swift in Sources */,
				702D8BE61F3415C3003C46A6 /* YYClassInfo.m in Sources */,
				702D8BC21F3415A0003C46A6 /* AppDelegate.swift in Sources */,
			);
			runOnlyForDeploymentPostprocessing = 0;
		};
/* End PBXSourcesBuildPhase section */

/* Begin PBXVariantGroup section */
		702D8BC51F3415A0003C46A6 /* Main.storyboard */ = {
			isa = PBXVariantGroup;
			children = (
				702D8BC61F3415A0003C46A6 /* Base */,
			);
			name = Main.storyboard;
			sourceTree = "<group>";
		};
		702D8BCA1F3415A0003C46A6 /* LaunchScreen.storyboard */ = {
			isa = PBXVariantGroup;
			children = (
				702D8BCB1F3415A0003C46A6 /* Base */,
			);
			name = LaunchScreen.storyboard;
			sourceTree = "<group>";
		};
/* End PBXVariantGroup section */

/* Begin XCBuildConfiguration section */
		702D8BCE1F3415A0003C46A6 /* Debug */ = {
			isa = XCBuildConfiguration;
			buildSettings = {
				ALWAYS_SEARCH_USER_PATHS = NO;
				CLANG_ANALYZER_NONNULL = YES;
				CLANG_ANALYZER_NUMBER_OBJECT_CONVERSION = YES_AGGRESSIVE;
				CLANG_CXX_LANGUAGE_STANDARD = "gnu++0x";
				CLANG_CXX_LIBRARY = "libc++";
				CLANG_ENABLE_MODULES = YES;
				CLANG_ENABLE_OBJC_ARC = YES;
				CLANG_WARN_BOOL_CONVERSION = YES;
				CLANG_WARN_CONSTANT_CONVERSION = YES;
				CLANG_WARN_DIRECT_OBJC_ISA_USAGE = YES_ERROR;
				CLANG_WARN_DOCUMENTATION_COMMENTS = YES;
				CLANG_WARN_EMPTY_BODY = YES;
				CLANG_WARN_ENUM_CONVERSION = YES;
				CLANG_WARN_INFINITE_RECURSION = YES;
				CLANG_WARN_INT_CONVERSION = YES;
				CLANG_WARN_OBJC_ROOT_CLASS = YES_ERROR;
				CLANG_WARN_SUSPICIOUS_MOVE = YES;
				CLANG_WARN_UNREACHABLE_CODE = YES;
				CLANG_WARN__DUPLICATE_METHOD_MATCH = YES;
				"CODE_SIGN_IDENTITY[sdk=iphoneos*]" = "iPhone Developer";
				COPY_PHASE_STRIP = NO;
				DEBUG_INFORMATION_FORMAT = dwarf;
				ENABLE_STRICT_OBJC_MSGSEND = YES;
				ENABLE_TESTABILITY = YES;
				GCC_C_LANGUAGE_STANDARD = gnu99;
				GCC_DYNAMIC_NO_PIC = NO;
				GCC_NO_COMMON_BLOCKS = YES;
				GCC_OPTIMIZATION_LEVEL = 0;
				GCC_PREPROCESSOR_DEFINITIONS = (
					"DEBUG=1",
					"$(inherited)",
				);
				GCC_WARN_64_TO_32_BIT_CONVERSION = YES;
				GCC_WARN_ABOUT_RETURN_TYPE = YES_ERROR;
				GCC_WARN_UNDECLARED_SELECTOR = YES;
				GCC_WARN_UNINITIALIZED_AUTOS = YES_AGGRESSIVE;
				GCC_WARN_UNUSED_FUNCTION = YES;
				GCC_WARN_UNUSED_VARIABLE = YES;
				IPHONEOS_DEPLOYMENT_TARGET = 10.3;
				MTL_ENABLE_DEBUG_INFO = YES;
				ONLY_ACTIVE_ARCH = YES;
				SDKROOT = iphoneos;
				SWIFT_ACTIVE_COMPILATION_CONDITIONS = DEBUG;
				SWIFT_OPTIMIZATION_LEVEL = "-Onone";
				TARGETED_DEVICE_FAMILY = "1,2";
			};
			name = Debug;
		};
		702D8BCF1F3415A0003C46A6 /* Release */ = {
			isa = XCBuildConfiguration;
			buildSettings = {
				ALWAYS_SEARCH_USER_PATHS = NO;
				CLANG_ANALYZER_NONNULL = YES;
				CLANG_ANALYZER_NUMBER_OBJECT_CONVERSION = YES_AGGRESSIVE;
				CLANG_CXX_LANGUAGE_STANDARD = "gnu++0x";
				CLANG_CXX_LIBRARY = "libc++";
				CLANG_ENABLE_MODULES = YES;
				CLANG_ENABLE_OBJC_ARC = YES;
				CLANG_WARN_BOOL_CONVERSION = YES;
				CLANG_WARN_CONSTANT_CONVERSION = YES;
				CLANG_WARN_DIRECT_OBJC_ISA_USAGE = YES_ERROR;
				CLANG_WARN_DOCUMENTATION_COMMENTS = YES;
				CLANG_WARN_EMPTY_BODY = YES;
				CLANG_WARN_ENUM_CONVERSION = YES;
				CLANG_WARN_INFINITE_RECURSION = YES;
				CLANG_WARN_INT_CONVERSION = YES;
				CLANG_WARN_OBJC_ROOT_CLASS = YES_ERROR;
				CLANG_WARN_SUSPICIOUS_MOVE = YES;
				CLANG_WARN_UNREACHABLE_CODE = YES;
				CLANG_WARN__DUPLICATE_METHOD_MATCH = YES;
				"CODE_SIGN_IDENTITY[sdk=iphoneos*]" = "iPhone Developer";
				COPY_PHASE_STRIP = NO;
				DEBUG_INFORMATION_FORMAT = "dwarf-with-dsym";
				ENABLE_NS_ASSERTIONS = NO;
				ENABLE_STRICT_OBJC_MSGSEND = YES;
				GCC_C_LANGUAGE_STANDARD = gnu99;
				GCC_NO_COMMON_BLOCKS = YES;
				GCC_WARN_64_TO_32_BIT_CONVERSION = YES;
				GCC_WARN_ABOUT_RETURN_TYPE = YES_ERROR;
				GCC_WARN_UNDECLARED_SELECTOR = YES;
				GCC_WARN_UNINITIALIZED_AUTOS = YES_AGGRESSIVE;
				GCC_WARN_UNUSED_FUNCTION = YES;
				GCC_WARN_UNUSED_VARIABLE = YES;
				IPHONEOS_DEPLOYMENT_TARGET = 10.3;
				MTL_ENABLE_DEBUG_INFO = NO;
				SDKROOT = iphoneos;
				SWIFT_OPTIMIZATION_LEVEL = "-Owholemodule";
				TARGETED_DEVICE_FAMILY = "1,2";
				VALIDATE_PRODUCT = YES;
			};
			name = Release;
		};
		702D8BD11F3415A0003C46A6 /* Debug */ = {
			isa = XCBuildConfiguration;
			baseConfigurationReference = E91C48AE8D8BA074D233A704 /* Pods-NetworkManager.debug.xcconfig */;
			buildSettings = {
				ASSETCATALOG_COMPILER_APPICON_NAME = AppIcon;
				CLANG_ENABLE_MODULES = YES;
				INFOPLIST_FILE = NetworkManager/Info.plist;
				LD_RUNPATH_SEARCH_PATHS = "$(inherited) @executable_path/Frameworks";
				PRODUCT_BUNDLE_IDENTIFIER = XPan.NetworkManager;
				PRODUCT_NAME = "$(TARGET_NAME)";
				SWIFT_OBJC_BRIDGING_HEADER = "NetworkManager/NetworkManager-Bridging-Header.h";
				SWIFT_OPTIMIZATION_LEVEL = "-Onone";
				SWIFT_VERSION = 3.0;
			};
			name = Debug;
		};
		702D8BD21F3415A0003C46A6 /* Release */ = {
			isa = XCBuildConfiguration;
			baseConfigurationReference = 24E710404D9FC83D289990AD /* Pods-NetworkManager.release.xcconfig */;
			buildSettings = {
				ASSETCATALOG_COMPILER_APPICON_NAME = AppIcon;
				CLANG_ENABLE_MODULES = YES;
				INFOPLIST_FILE = NetworkManager/Info.plist;
				LD_RUNPATH_SEARCH_PATHS = "$(inherited) @executable_path/Frameworks";
				PRODUCT_BUNDLE_IDENTIFIER = XPan.NetworkManager;
				PRODUCT_NAME = "$(TARGET_NAME)";
				SWIFT_OBJC_BRIDGING_HEADER = "NetworkManager/NetworkManager-Bridging-Header.h";
				SWIFT_VERSION = 3.0;
			};
			name = Release;
		};
/* End XCBuildConfiguration section */

/* Begin XCConfigurationList section */
		702D8BB91F3415A0003C46A6 /* Build configuration list for PBXProject "NetworkManager" */ = {
			isa = XCConfigurationList;
			buildConfigurations = (
				702D8BCE1F3415A0003C46A6 /* Debug */,
				702D8BCF1F3415A0003C46A6 /* Release */,
			);
			defaultConfigurationIsVisible = 0;
			defaultConfigurationName = Release;
		};
		702D8BD01F3415A0003C46A6 /* Build configuration list for PBXNativeTarget "NetworkManager" */ = {
			isa = XCConfigurationList;
			buildConfigurations = (
				702D8BD11F3415A0003C46A6 /* Debug */,
				702D8BD21F3415A0003C46A6 /* Release */,
			);
			defaultConfigurationIsVisible = 0;
			defaultConfigurationName = Release;
		};
/* End XCConfigurationList section */
	};
	rootObject = 702D8BB61F3415A0003C46A6 /* Project object */;
}
